
Microsoft Visual Studio Solution File, Format Version 12.00
# Visual Studio Version 17
VisualStudioVersion = 17.7.34202.233
MinimumVisualStudioVersion = 10.0.40219.1
Project("{FAE04EC0-301F-11D3-BF4B-00C04F79EFBC}") = "HtmlCssJavascript", "HtmlCssJavascript\HtmlCssJavascript.csproj", "{ABEE9A97-EFCB-4F52-86E8-4DDD8BD0AAF0}"
EndProject
Project("{2150E333-8FDC-42A3-9474-1A3956D46DE8}") = "Solution Items", "Solution Items", "{1D11DF73-11B5-4E46-8188-3D5816B3820E}"
	ProjectSection(SolutionItems) = preProject
		HTMLPage3.html = HTMLPage3.html
	EndProjectSection
EndProject
Global
	GlobalSection(SolutionConfigurationPlatforms) = preSolution
		Debug|Any CPU = Debug|Any CPU
		Release|Any CPU = Release|Any CPU
	EndGlobalSection
	GlobalSection(ProjectConfigurationPlatforms) = postSolution
		{ABEE9A97-EFCB-4F52-86E8-4DDD8BD0AAF0}.Debug|Any CPU.ActiveCfg = Debug|Any CPU
		{ABEE9A97-EFCB-4F52-86E8-4DDD8BD0AAF0}.Debug|Any CPU.Build.0 = Debug|Any CPU
		{ABEE9A97-EFCB-4F52-86E8-4DDD8BD0AAF0}.Release|Any CPU.ActiveCfg = Release|Any CPU
		{ABEE9A97-EFCB-4F52-86E8-4DDD8BD0AAF0}.Release|Any CPU.Build.0 = Release|Any CPU
	EndGlobalSection
	GlobalSection(SolutionProperties) = preSolution
		HideSolutionNode = FALSE
	EndGlobalSection
	GlobalSection(ExtensibilityGlobals) = postSolution
		SolutionGuid = {5B19C3DA-63F1-4A28-9693-00203F62CE2C}
	EndGlobalSection
EndGlobal
